// !$*UTF8*$!
{
	archiveVersion = 1;
	classes = {
	};
	objectVersion = 50;
	objects = {

/* Begin PBXBuildFile section */
		1268D91E217FB35600A20A6D /* NewTouristSiteViewController.swift in Sources */ = {isa = PBXBuildFile; fileRef = 1268D91D217FB35600A20A6D /* NewTouristSiteViewController.swift */; };
		1268D920217FB7EF00A20A6D /* TouristSiteDetailsViewController.swift in Sources */ = {isa = PBXBuildFile; fileRef = 1268D91F217FB7EF00A20A6D /* TouristSiteDetailsViewController.swift */; };
		1275FF6D21484B83008DA6A4 /* RetrievingViewController.swift in Sources */ = {isa = PBXBuildFile; fileRef = 1275FF6C21484B83008DA6A4 /* RetrievingViewController.swift */; };
		128D8263214DD5A30044D5B6 /* TouristBureau.swift in Sources */ = {isa = PBXBuildFile; fileRef = 128D8262214DD5A30044D5B6 /* TouristBureau.swift */; };
		128D8265214DD8A20044D5B6 /* CitiesTableViewController.swift in Sources */ = {isa = PBXBuildFile; fileRef = 128D8264214DD8A20044D5B6 /* CitiesTableViewController.swift */; };
		128D8267214DD8B10044D5B6 /* TouristSitesTableViewController.swift in Sources */ = {isa = PBXBuildFile; fileRef = 128D8266214DD8B10044D5B6 /* TouristSitesTableViewController.swift */; };
		128D8269214DE0400044D5B6 /* TouristSitesForSelectedCityTableViewController.swift in Sources */ = {isa = PBXBuildFile; fileRef = 128D8268214DE0400044D5B6 /* TouristSitesForSelectedCityTableViewController.swift */; };
		128D826B214DE27B0044D5B6 /* NewCityViewController.swift in Sources */ = {isa = PBXBuildFile; fileRef = 128D826A214DE27B0044D5B6 /* NewCityViewController.swift */; };
		12C2F61821474AAD00CE76C3 /* TouristSite.swift in Sources */ = {isa = PBXBuildFile; fileRef = 12C2F61721474AAD00CE76C3 /* TouristSite.swift */; };
		12C74E582145A4650033DECD /* AppDelegate.swift in Sources */ = {isa = PBXBuildFile; fileRef = 12C74E572145A4650033DECD /* AppDelegate.swift */; };
		12C74E5A2145A4650033DECD /* SavingViewController.swift in Sources */ = {isa = PBXBuildFile; fileRef = 12C74E592145A4650033DECD /* SavingViewController.swift */; };
		12C74E5D2145A4650033DECD /* Main.storyboard in Resources */ = {isa = PBXBuildFile; fileRef = 12C74E5B2145A4650033DECD /* Main.storyboard */; };
		12C74E5F2145A4660033DECD /* Assets.xcassets in Resources */ = {isa = PBXBuildFile; fileRef = 12C74E5E2145A4660033DECD /* Assets.xcassets */; };
		12C74E622145A4660033DECD /* LaunchScreen.storyboard in Resources */ = {isa = PBXBuildFile; fileRef = 12C74E602145A4660033DECD /* LaunchScreen.storyboard */; };
		12C74E6A2145A6D80033DECD /* City.swift in Sources */ = {isa = PBXBuildFile; fileRef = 12C74E692145A6D80033DECD /* City.swift */; };
		4544024CD98A8CAA0723CEB0 /* Pods_CityTourism_Backendless.framework in Frameworks */ = {isa = PBXBuildFile; fileRef = 188D3472116347BFA39CABA4 /* Pods_CityTourism_Backendless.framework */; };
/* End PBXBuildFile section */

/* Begin PBXFileReference section */
		1268D91D217FB35600A20A6D /* NewTouristSiteViewController.swift */ = {isa = PBXFileReference; lastKnownFileType = sourcecode.swift; path = NewTouristSiteViewController.swift; sourceTree = "<group>"; };
		1268D91F217FB7EF00A20A6D /* TouristSiteDetailsViewController.swift */ = {isa = PBXFileReference; lastKnownFileType = sourcecode.swift; path = TouristSiteDetailsViewController.swift; sourceTree = "<group>"; };
		1275FF6C21484B83008DA6A4 /* RetrievingViewController.swift */ = {isa = PBXFileReference; lastKnownFileType = sourcecode.swift; path = RetrievingViewController.swift; sourceTree = "<group>"; };
		128D8262214DD5A30044D5B6 /* TouristBureau.swift */ = {isa = PBXFileReference; lastKnownFileType = sourcecode.swift; path = TouristBureau.swift; sourceTree = "<group>"; };
		128D8264214DD8A20044D5B6 /* CitiesTableViewController.swift */ = {isa = PBXFileReference; lastKnownFileType = sourcecode.swift; path = CitiesTableViewController.swift; sourceTree = "<group>"; };
		128D8266214DD8B10044D5B6 /* TouristSitesTableViewController.swift */ = {isa = PBXFileReference; lastKnownFileType = sourcecode.swift; path = TouristSitesTableViewController.swift; sourceTree = "<group>"; };
		128D8268214DE0400044D5B6 /* TouristSitesForSelectedCityTableViewController.swift */ = {isa = PBXFileReference; lastKnownFileType = sourcecode.swift; path = TouristSitesForSelectedCityTableViewController.swift; sourceTree = "<group>"; };
		128D826A214DE27B0044D5B6 /* NewCityViewController.swift */ = {isa = PBXFileReference; lastKnownFileType = sourcecode.swift; path = NewCityViewController.swift; sourceTree = "<group>"; };
		12C2F61721474AAD00CE76C3 /* TouristSite.swift */ = {isa = PBXFileReference; lastKnownFileType = sourcecode.swift; path = TouristSite.swift; sourceTree = "<group>"; };
		12C74E542145A4650033DECD /* CityTourism-Backendless.app */ = {isa = PBXFileReference; explicitFileType = wrapper.application; includeInIndex = 0; path = "CityTourism-Backendless.app"; sourceTree = BUILT_PRODUCTS_DIR; };
		12C74E572145A4650033DECD /* AppDelegate.swift */ = {isa = PBXFileReference; lastKnownFileType = sourcecode.swift; path = AppDelegate.swift; sourceTree = "<group>"; };
		12C74E592145A4650033DECD /* SavingViewController.swift */ = {isa = PBXFileReference; lastKnownFileType = sourcecode.swift; path = SavingViewController.swift; sourceTree = "<group>"; };
		12C74E5C2145A4650033DECD /* Base */ = {isa = PBXFileReference; lastKnownFileType = file.storyboard; name = Base; path = Base.lproj/Main.storyboard; sourceTree = "<group>"; };
		12C74E5E2145A4660033DECD /* Assets.xcassets */ = {isa = PBXFileReference; lastKnownFileType = folder.assetcatalog; path = Assets.xcassets; sourceTree = "<group>"; };
		12C74E612145A4660033DECD /* Base */ = {isa = PBXFileReference; lastKnownFileType = file.storyboard; name = Base; path = Base.lproj/LaunchScreen.storyboard; sourceTree = "<group>"; };
		12C74E632145A4660033DECD /* Info.plist */ = {isa = PBXFileReference; lastKnownFileType = text.plist.xml; path = Info.plist; sourceTree = "<group>"; };
		12C74E692145A6D80033DECD /* City.swift */ = {isa = PBXFileReference; lastKnownFileType = sourcecode.swift; path = City.swift; sourceTree = "<group>"; };
		188D3472116347BFA39CABA4 /* Pods_CityTourism_Backendless.framework */ = {isa = PBXFileReference; explicitFileType = wrapper.framework; includeInIndex = 0; path = Pods_CityTourism_Backendless.framework; sourceTree = BUILT_PRODUCTS_DIR; };
		9DE01D9DD9C3506AE66E413B /* Pods-CityTourism-Backendless.release.xcconfig */ = {isa = PBXFileReference; includeInIndex = 1; lastKnownFileType = text.xcconfig; name = "Pods-CityTourism-Backendless.release.xcconfig"; path = "Pods/Target Support Files/Pods-CityTourism-Backendless/Pods-CityTourism-Backendless.release.xcconfig"; sourceTree = "<group>"; };
		A9AC5311B6671BADB204E60B /* Pods-CityTourism-Backendless.debug.xcconfig */ = {isa = PBXFileReference; includeInIndex = 1; lastKnownFileType = text.xcconfig; name = "Pods-CityTourism-Backendless.debug.xcconfig"; path = "Pods/Target Support Files/Pods-CityTourism-Backendless/Pods-CityTourism-Backendless.debug.xcconfig"; sourceTree = "<group>"; };
/* End PBXFileReference section */

/* Begin PBXFrameworksBuildPhase section */
		12C74E512145A4650033DECD /* Frameworks */ = {
			isa = PBXFrameworksBuildPhase;
			buildActionMask = 2147483647;
			files = (
				4544024CD98A8CAA0723CEB0 /* Pods_CityTourism_Backendless.framework in Frameworks */,
			);
			runOnlyForDeploymentPostprocessing = 0;
		};
/* End PBXFrameworksBuildPhase section */

/* Begin PBXGroup section */
		114CE5AE0972D45EAB2E9650 /* Pods */ = {
			isa = PBXGroup;
			children = (
				A9AC5311B6671BADB204E60B /* Pods-CityTourism-Backendless.debug.xcconfig */,
				9DE01D9DD9C3506AE66E413B /* Pods-CityTourism-Backendless.release.xcconfig */,
			);
			name = Pods;
			sourceTree = "<group>";
		};
		12C74E4B2145A4650033DECD = {
			isa = PBXGroup;
			children = (
				12C74E562145A4650033DECD /* CityTourism-Backendless */,
				12C74E552145A4650033DECD /* Products */,
				114CE5AE0972D45EAB2E9650 /* Pods */,
				F7336552CA86B895CC19AAB1 /* Frameworks */,
			);
			sourceTree = "<group>";
		};
		12C74E552145A4650033DECD /* Products */ = {
			isa = PBXGroup;
			children = (
				12C74E542145A4650033DECD /* CityTourism-Backendless.app */,
			);
			name = Products;
			sourceTree = "<group>";
		};
		12C74E562145A4650033DECD /* CityTourism-Backendless */ = {
			isa = PBXGroup;
			children = (
				12C74E572145A4650033DECD /* AppDelegate.swift */,
				12C74E592145A4650033DECD /* SavingViewController.swift */,
				1275FF6C21484B83008DA6A4 /* RetrievingViewController.swift */,
				12C74E5B2145A4650033DECD /* Main.storyboard */,
				12C74E5E2145A4660033DECD /* Assets.xcassets */,
				12C74E602145A4660033DECD /* LaunchScreen.storyboard */,
				12C74E632145A4660033DECD /* Info.plist */,
				12C74E692145A6D80033DECD /* City.swift */,
				12C2F61721474AAD00CE76C3 /* TouristSite.swift */,
				128D8262214DD5A30044D5B6 /* TouristBureau.swift */,
				128D8264214DD8A20044D5B6 /* CitiesTableViewController.swift */,
				128D8268214DE0400044D5B6 /* TouristSitesForSelectedCityTableViewController.swift */,
				128D8266214DD8B10044D5B6 /* TouristSitesTableViewController.swift */,
				128D826A214DE27B0044D5B6 /* NewCityViewController.swift */,
				1268D91D217FB35600A20A6D /* NewTouristSiteViewController.swift */,
				1268D91F217FB7EF00A20A6D /* TouristSiteDetailsViewController.swift */,
			);
			path = "CityTourism-Backendless";
			sourceTree = "<group>";
		};
		F7336552CA86B895CC19AAB1 /* Frameworks */ = {
			isa = PBXGroup;
			children = (
				188D3472116347BFA39CABA4 /* Pods_CityTourism_Backendless.framework */,
			);
			name = Frameworks;
			sourceTree = "<group>";
		};
/* End PBXGroup section */

/* Begin PBXNativeTarget section */
		12C74E532145A4650033DECD /* CityTourism-Backendless */ = {
			isa = PBXNativeTarget;
			buildConfigurationList = 12C74E662145A4660033DECD /* Build configuration list for PBXNativeTarget "CityTourism-Backendless" */;
			buildPhases = (
				3E7B847837C3F8749566568A /* [CP] Check Pods Manifest.lock */,
				12C74E502145A4650033DECD /* Sources */,
				12C74E512145A4650033DECD /* Frameworks */,
				12C74E522145A4650033DECD /* Resources */,
				AE7698B95FD830B2D8C86F41 /* [CP] Embed Pods Frameworks */,
			);
			buildRules = (
			);
			dependencies = (
			);
			name = "CityTourism-Backendless";
			productName = "CityTourism-Backendless";
			productReference = 12C74E542145A4650033DECD /* CityTourism-Backendless.app */;
			productType = "com.apple.product-type.application";
		};
/* End PBXNativeTarget section */

/* Begin PBXProject section */
		12C74E4C2145A4650033DECD /* Project object */ = {
			isa = PBXProject;
			attributes = {
				LastSwiftUpdateCheck = 0940;
				LastUpgradeCheck = 0940;
				ORGANIZATIONNAME = "Michael Rogers";
				TargetAttributes = {
					12C74E532145A4650033DECD = {
						CreatedOnToolsVersion = 9.4.1;
						LastSwiftMigration = 1000;
					};
				};
			};
			buildConfigurationList = 12C74E4F2145A4650033DECD /* Build configuration list for PBXProject "CityTourism-Backendless" */;
			compatibilityVersion = "Xcode 9.3";
			developmentRegion = en;
			hasScannedForEncodings = 0;
			knownRegions = (
				en,
				Base,
			);
			mainGroup = 12C74E4B2145A4650033DECD;
			productRefGroup = 12C74E552145A4650033DECD /* Products */;
			projectDirPath = "";
			projectRoot = "";
			targets = (
				12C74E532145A4650033DECD /* CityTourism-Backendless */,
			);
		};
/* End PBXProject section */

/* Begin PBXResourcesBuildPhase section */
		12C74E522145A4650033DECD /* Resources */ = {
			isa = PBXResourcesBuildPhase;
			buildActionMask = 2147483647;
			files = (
				12C74E622145A4660033DECD /* LaunchScreen.storyboard in Resources */,
				12C74E5F2145A4660033DECD /* Assets.xcassets in Resources */,
				12C74E5D2145A4650033DECD /* Main.storyboard in Resources */,
			);
			runOnlyForDeploymentPostprocessing = 0;
		};
/* End PBXResourcesBuildPhase section */

/* Begin PBXShellScriptBuildPhase section */
		3E7B847837C3F8749566568A /* [CP] Check Pods Manifest.lock */ = {
			isa = PBXShellScriptBuildPhase;
			buildActionMask = 2147483647;
			files = (
			);
			inputPaths = (
				"${PODS_PODFILE_DIR_PATH}/Podfile.lock",
				"${PODS_ROOT}/Manifest.lock",
			);
			name = "[CP] Check Pods Manifest.lock";
			outputPaths = (
				"$(DERIVED_FILE_DIR)/Pods-CityTourism-Backendless-checkManifestLockResult.txt",
			);
			runOnlyForDeploymentPostprocessing = 0;
			shellPath = /bin/sh;
			shellScript = "diff \"${PODS_PODFILE_DIR_PATH}/Podfile.lock\" \"${PODS_ROOT}/Manifest.lock\" > /dev/null\nif [ $? != 0 ] ; then\n    # print error to STDERR\n    echo \"error: The sandbox is not in sync with the Podfile.lock. Run 'pod install' or update your CocoaPods installation.\" >&2\n    exit 1\nfi\n# This output is used by Xcode 'outputs' to avoid re-running this script phase.\necho \"SUCCESS\" > \"${SCRIPT_OUTPUT_FILE_0}\"\n";
			showEnvVarsInLog = 0;
		};
		AE7698B95FD830B2D8C86F41 /* [CP] Embed Pods Frameworks */ = {
			isa = PBXShellScriptBuildPhase;
			buildActionMask = 2147483647;
			files = (
			);
			inputPaths = (
				"${SRCROOT}/Pods/Target Support Files/Pods-CityTourism-Backendless/Pods-CityTourism-Backendless-frameworks.sh",
				"${BUILT_PRODUCTS_DIR}/Socket.IO-Client-Swift/SocketIO.framework",
				"${BUILT_PRODUCTS_DIR}/Starscream/Starscream.framework",
			);
			name = "[CP] Embed Pods Frameworks";
			outputPaths = (
				"${TARGET_BUILD_DIR}/${FRAMEWORKS_FOLDER_PATH}/SocketIO.framework",
				"${TARGET_BUILD_DIR}/${FRAMEWORKS_FOLDER_PATH}/Starscream.framework",
			);
			runOnlyForDeploymentPostprocessing = 0;
			shellPath = /bin/sh;
			shellScript = "\"${SRCROOT}/Pods/Target Support Files/Pods-CityTourism-Backendless/Pods-CityTourism-Backendless-frameworks.sh\"\n";
			showEnvVarsInLog = 0;
		};
/* End PBXShellScriptBuildPhase section */

/* Begin PBXSourcesBuildPhase section */
		12C74E502145A4650033DECD /* Sources */ = {
			isa = PBXSourcesBuildPhase;
			buildActionMask = 2147483647;
			files = (
				12C74E5A2145A4650033DECD /* SavingViewController.swift in Sources */,
				128D8267214DD8B10044D5B6 /* TouristSitesTableViewController.swift in Sources */,
				128D826B214DE27B0044D5B6 /* NewCityViewController.swift in Sources */,
				128D8269214DE0400044D5B6 /* TouristSitesForSelectedCityTableViewController.swift in Sources */,
				1275FF6D21484B83008DA6A4 /* RetrievingViewController.swift in Sources */,
				128D8263214DD5A30044D5B6 /* TouristBureau.swift in Sources */,
				1268D91E217FB35600A20A6D /* NewTouristSiteViewController.swift in Sources */,
				12C74E582145A4650033DECD /* AppDelegate.swift in Sources */,
				128D8265214DD8A20044D5B6 /* CitiesTableViewController.swift in Sources */,
				1268D920217FB7EF00A20A6D /* TouristSiteDetailsViewController.swift in Sources */,
				12C74E6A2145A6D80033DECD /* City.swift in Sources */,
				12C2F61821474AAD00CE76C3 /* TouristSite.swift in Sources */,
			);
			runOnlyForDeploymentPostprocessing = 0;
		};
/* End PBXSourcesBuildPhase section */

/* Begin PBXVariantGroup section */
		12C74E5B2145A4650033DECD /* Main.storyboard */ = {
			isa = PBXVariantGroup;
			children = (
				12C74E5C2145A4650033DECD /* Base */,
			);
			name = Main.storyboard;
			sourceTree = "<group>";
		};
		12C74E602145A4660033DECD /* LaunchScreen.storyboard */ = {
			isa = PBXVariantGroup;
			children = (
				12C74E612145A4660033DECD /* Base */,
			);
			name = LaunchScreen.storyboard;
			sourceTree = "<group>";
		};
/* End PBXVariantGroup section */

/* Begin XCBuildConfiguration section */
		12C74E642145A4660033DECD /* Debug */ = {
			isa = XCBuildConfiguration;
			buildSettings = {
				ALWAYS_SEARCH_USER_PATHS = NO;
				CLANG_ANALYZER_NONNULL = YES;
				CLANG_ANALYZER_NUMBER_OBJECT_CONVERSION = YES_AGGRESSIVE;
				CLANG_CXX_LANGUAGE_STANDARD = "gnu++14";
				CLANG_CXX_LIBRARY = "libc++";
				CLANG_ENABLE_MODULES = YES;
				CLANG_ENABLE_OBJC_ARC = YES;
				CLANG_ENABLE_OBJC_WEAK = YES;
				CLANG_WARN_BLOCK_CAPTURE_AUTORELEASING = YES;
				CLANG_WARN_BOOL_CONVERSION = YES;
				CLANG_WARN_COMMA = YES;
				CLANG_WARN_CONSTANT_CONVERSION = YES;
				CLANG_WARN_DEPRECATED_OBJC_IMPLEMENTATIONS = YES;
				CLANG_WARN_DIRECT_OBJC_ISA_USAGE = YES_ERROR;
				CLANG_WARN_DOCUMENTATION_COMMENTS = YES;
				CLANG_WARN_EMPTY_BODY = YES;
				CLANG_WARN_ENUM_CONVERSION = YES;
				CLANG_WARN_INFINITE_RECURSION = YES;
				CLANG_WARN_INT_CONVERSION = YES;
				CLANG_WARN_NON_LITERAL_NULL_CONVERSION = YES;
				CLANG_WARN_OBJC_IMPLICIT_RETAIN_SELF = YES;
				CLANG_WARN_OBJC_LITERAL_CONVERSION = YES;
				CLANG_WARN_OBJC_ROOT_CLASS = YES_ERROR;
				CLANG_WARN_RANGE_LOOP_ANALYSIS = YES;
				CLANG_WARN_STRICT_PROTOTYPES = YES;
				CLANG_WARN_SUSPICIOUS_MOVE = YES;
				CLANG_WARN_UNGUARDED_AVAILABILITY = YES_AGGRESSIVE;
				CLANG_WARN_UNREACHABLE_CODE = YES;
				CLANG_WARN__DUPLICATE_METHOD_MATCH = YES;
				CODE_SIGN_IDENTITY = "iPhone Developer";
				COPY_PHASE_STRIP = NO;
				DEBUG_INFORMATION_FORMAT = dwarf;
				ENABLE_STRICT_OBJC_MSGSEND = YES;
				ENABLE_TESTABILITY = YES;
				GCC_C_LANGUAGE_STANDARD = gnu11;
				GCC_DYNAMIC_NO_PIC = NO;
				GCC_NO_COMMON_BLOCKS = YES;
				GCC_OPTIMIZATION_LEVEL = 0;
				GCC_PREPROCESSOR_DEFINITIONS = (
					"DEBUG=1",
					"$(inherited)",
				);
				GCC_WARN_64_TO_32_BIT_CONVERSION = YES;
				GCC_WARN_ABOUT_RETURN_TYPE = YES_ERROR;
				GCC_WARN_UNDECLARED_SELECTOR = YES;
				GCC_WARN_UNINITIALIZED_AUTOS = YES_AGGRESSIVE;
				GCC_WARN_UNUSED_FUNCTION = YES;
				GCC_WARN_UNUSED_VARIABLE = YES;
				IPHONEOS_DEPLOYMENT_TARGET = 11.4;
				MTL_ENABLE_DEBUG_INFO = YES;
				ONLY_ACTIVE_ARCH = YES;
				SDKROOT = iphoneos;
				SWIFT_ACTIVE_COMPILATION_CONDITIONS = DEBUG;
				SWIFT_OPTIMIZATION_LEVEL = "-Onone";
			};
			name = Debug;
		};
		12C74E652145A4660033DECD /* Release */ = {
			isa = XCBuildConfiguration;
			buildSettings = {
				ALWAYS_SEARCH_USER_PATHS = NO;
				CLANG_ANALYZER_NONNULL = YES;
				CLANG_ANALYZER_NUMBER_OBJECT_CONVERSION = YES_AGGRESSIVE;
				CLANG_CXX_LANGUAGE_STANDARD = "gnu++14";
				CLANG_CXX_LIBRARY = "libc++";
				CLANG_ENABLE_MODULES = YES;
				CLANG_ENABLE_OBJC_ARC = YES;
				CLANG_ENABLE_OBJC_WEAK = YES;
				CLANG_WARN_BLOCK_CAPTURE_AUTORELEASING = YES;
				CLANG_WARN_BOOL_CONVERSION = YES;
				CLANG_WARN_COMMA = YES;
				CLANG_WARN_CONSTANT_CONVERSION = YES;
				CLANG_WARN_DEPRECATED_OBJC_IMPLEMENTATIONS = YES;
				CLANG_WARN_DIRECT_OBJC_ISA_USAGE = YES_ERROR;
				CLANG_WARN_DOCUMENTATION_COMMENTS = YES;
				CLANG_WARN_EMPTY_BODY = YES;
				CLANG_WARN_ENUM_CONVERSION = YES;
				CLANG_WARN_INFINITE_RECURSION = YES;
				CLANG_WARN_INT_CONVERSION = YES;
				CLANG_WARN_NON_LITERAL_NULL_CONVERSION = YES;
				CLANG_WARN_OBJC_IMPLICIT_RETAIN_SELF = YES;
				CLANG_WARN_OBJC_LITERAL_CONVERSION = YES;
				CLANG_WARN_OBJC_ROOT_CLASS = YES_ERROR;
				CLANG_WARN_RANGE_LOOP_ANALYSIS = YES;
				CLANG_WARN_STRICT_PROTOTYPES = YES;
				CLANG_WARN_SUSPICIOUS_MOVE = YES;
				CLANG_WARN_UNGUARDED_AVAILABILITY = YES_AGGRESSIVE;
				CLANG_WARN_UNREACHABLE_CODE = YES;
				CLANG_WARN__DUPLICATE_METHOD_MATCH = YES;
				CODE_SIGN_IDENTITY = "iPhone Developer";
				COPY_PHASE_STRIP = NO;
				DEBUG_INFORMATION_FORMAT = "dwarf-with-dsym";
				ENABLE_NS_ASSERTIONS = NO;
				ENABLE_STRICT_OBJC_MSGSEND = YES;
				GCC_C_LANGUAGE_STANDARD = gnu11;
				GCC_NO_COMMON_BLOCKS = YES;
				GCC_WARN_64_TO_32_BIT_CONVERSION = YES;
				GCC_WARN_ABOUT_RETURN_TYPE = YES_ERROR;
				GCC_WARN_UNDECLARED_SELECTOR = YES;
				GCC_WARN_UNINITIALIZED_AUTOS = YES_AGGRESSIVE;
				GCC_WARN_UNUSED_FUNCTION = YES;
				GCC_WARN_UNUSED_VARIABLE = YES;
				IPHONEOS_DEPLOYMENT_TARGET = 11.4;
				MTL_ENABLE_DEBUG_INFO = NO;
				SDKROOT = iphoneos;
				SWIFT_COMPILATION_MODE = wholemodule;
				SWIFT_OPTIMIZATION_LEVEL = "-O";
				VALIDATE_PRODUCT = YES;
			};
			name = Release;
		};
		12C74E672145A4660033DECD /* Debug */ = {
			isa = XCBuildConfiguration;
			baseConfigurationReference = A9AC5311B6671BADB204E60B /* Pods-CityTourism-Backendless.debug.xcconfig */;
			buildSettings = {
				ASSETCATALOG_COMPILER_APPICON_NAME = AppIcon;
				CODE_SIGN_STYLE = Automatic;
				INFOPLIST_FILE = "CityTourism-Backendless/Info.plist";
				LD_RUNPATH_SEARCH_PATHS = (
					"$(inherited)",
					"@executable_path/Frameworks",
				);
				PRODUCT_BUNDLE_IDENTIFIER = "edu.nwmissouri.CityTourism-Backendless";
				PRODUCT_NAME = "$(TARGET_NAME)";
				SWIFT_OBJC_BRIDGING_HEADER = "Pods/Backendless/SDK/ios/backendless/include/Backendless-Bridging-Header.h";
				SWIFT_VERSION = 4.2;
				TARGETED_DEVICE_FAMILY = "1,2";
			};
			name = Debug;
		};
		12C74E682145A4660033DECD /* Release */ = {
			isa = XCBuildConfiguration;
			baseConfigurationReference = 9DE01D9DD9C3506AE66E413B /* Pods-CityTourism-Backendless.release.xcconfig */;
			buildSettings = {
				ASSETCATALOG_COMPILER_APPICON_NAME = AppIcon;
				CODE_SIGN_STYLE = Automatic;
				INFOPLIST_FILE = "CityTourism-Backendless/Info.plist";
				LD_RUNPATH_SEARCH_PATHS = (
					"$(inherited)",
					"@executable_path/Frameworks",
				);
				PRODUCT_BUNDLE_IDENTIFIER = "edu.nwmissouri.CityTourism-Backendless";
				PRODUCT_NAME = "$(TARGET_NAME)";
				SWIFT_OBJC_BRIDGING_HEADER = "Pods/Backendless/SDK/ios/backendless/include/Backendless-Bridging-Header.h";
				SWIFT_VERSION = 4.2;
				TARGETED_DEVICE_FAMILY = "1,2";
			};
			name = Release;
		};
/* End XCBuildConfiguration section */

/* Begin XCConfigurationList section */
		12C74E4F2145A4650033DECD /* Build configuration list for PBXProject "CityTourism-Backendless" */ = {
			isa = XCConfigurationList;
			buildConfigurations = (
				12C74E642145A4660033DECD /* Debug */,
				12C74E652145A4660033DECD /* Release */,
			);
			defaultConfigurationIsVisible = 0;
			defaultConfigurationName = Release;
		};
		12C74E662145A4660033DECD /* Build configuration list for PBXNativeTarget "CityTourism-Backendless" */ = {
			isa = XCConfigurationList;
			buildConfigurations = (
				12C74E672145A4660033DECD /* Debug */,
				12C74E682145A4660033DECD /* Release */,
			);
			defaultConfigurationIsVisible = 0;
			defaultConfigurationName = Release;
		};
/* End XCConfigurationList section */
	};
	rootObject = 12C74E4C2145A4650033DECD /* Project object */;
}
